
Microsoft Visual Studio Solution File, Format Version 12.00
# Visual Studio Version 17
VisualStudioVersion = 17.7.34024.191
MinimumVisualStudioVersion = 10.0.40219.1
Project("{8BC9CEB8-8B4A-11D0-8D11-00A0C91BC942}") = "unittest1", "unittest1\unittest1.vcxproj", "{25A199AE-7DC7-46E7-B139-5923C5192600}"
EndProject
Global
	GlobalSection(SolutionConfigurationPlatforms) = preSolution
		Debug|x64 = Debug|x64
		Debug|x86 = Debug|x86
		Release|x64 = Release|x64
		Release|x86 = Release|x86
	EndGlobalSection
	GlobalSection(ProjectConfigurationPlatforms) = postSolution
		{25A199AE-7DC7-46E7-B139-5923C5192600}.Debug|x64.ActiveCfg = Debug|x64
		{25A199AE-7DC7-46E7-B139-5923C5192600}.Debug|x64.Build.0 = Debug|x64
		{25A199AE-7DC7-46E7-B139-5923C5192600}.Debug|x86.ActiveCfg = Debug|Win32
		{25A199AE-7DC7-46E7-B139-5923C5192600}.Debug|x86.Build.0 = Debug|Win32
		{25A199AE-7DC7-46E7-B139-5923C5192600}.Release|x64.ActiveCfg = Release|x64
		{25A199AE-7DC7-46E7-B139-5923C5192600}.Release|x64.Build.0 = Release|x64
		{25A199AE-7DC7-46E7-B139-5923C5192600}.Release|x86.ActiveCfg = Release|Win32
		{25A199AE-7DC7-46E7-B139-5923C5192600}.Release|x86.Build.0 = Release|Win32
	EndGlobalSection
	GlobalSection(SolutionProperties) = preSolution
		HideSolutionNode = FALSE
	EndGlobalSection
	GlobalSection(ExtensibilityGlobals) = postSolution
		SolutionGuid = {4EAAD14B-8F6B-400E-9EAB-AC7E4C874848}
	EndGlobalSection
EndGlobal
